{
  "version": 2,
  "dependencies": {
    "net6.0": {
      "FluentValidation": {
        "type": "Direct",
        "requested": "[11.2.2, )",
        "resolved": "11.2.2",
        "contentHash": "5QEte2BUZZF6Sezeekr7Zu1THfgpxU7pmuL2SjIrajuGMah+pxPGiRiLtw+x/tSUSSVmcv9LrUe41lKu4l0n4A=="
      },
      "Microsoft.AspNetCore.Components.WebAssembly.Server": {
        "type": "Direct",
        "requested": "[6.0.10, )",
        "resolved": "6.0.10",
        "contentHash": "5y6hKYdZLoAyD60h/wlNtjc7s6i2RABAKvO7Q6PxKkPMZz1BBIbPgh0eoUYpkCmH3eQkuERBh01tayFWpfHVvg=="
      },
      "Microsoft.AspNetCore.Identity.EntityFrameworkCore": {
        "type": "Direct",
        "requested": "[6.0.10, )",
        "resolved": "6.0.10",
        "contentHash": "GLynXPCJFSNELz/umiKY4xje2NG3f84e0zXdpzGJ121vd/doHnRkcO67aVulk0Ek1vsZ24zTnju1zrzsqU+wSg==",
        "dependencies": {
          "Microsoft.EntityFrameworkCore.Relational": "6.0.10",
          "Microsoft.Extensions.Identity.Stores": "6.0.10"
        }
      },
      "Microsoft.EntityFrameworkCore.Design": {
        "type": "Direct",
        "requested": "[6.0.10, )",
        "resolved": "6.0.10",
        "contentHash": "SVqDfUftgBoKCMPfTaWXiKBZPHMjbiBJLE5WE7MeD28nTk7CkmUNX8eXyNIeWxpDuk4r0zZ6XG9zyG7Ef3KS4A==",
        "dependencies": {
          "Humanizer.Core": "2.8.26",
          "Microsoft.EntityFrameworkCore.Relational": "6.0.10"
        }
      },
      "morelinq": {
        "type": "Direct",
        "requested": "[3.3.2, )",
        "resolved": "3.3.2",
        "contentHash": "MQc8GppZJLmjvcpEdf3EkC6ovsp7gRWt2e5mC7dcIOrgwSc+yjFd3JQ0iRqr3XrUT6rb/phv0IkEmBtbfVA7AQ=="
      },
      "Npgsql.EntityFrameworkCore.PostgreSQL": {
        "type": "Direct",
        "requested": "[6.0.7, )",
        "resolved": "6.0.7",
        "contentHash": "kqwX2V9Znw/QjLDL6SyYEHiy9toMuqMTyCJ4ebQu65FpV8pElYKpOlBbxoyr6YNgqieXEMmpnE0TIoTKsVdeLw==",
        "dependencies": {
          "Microsoft.EntityFrameworkCore": "6.0.7",
          "Microsoft.EntityFrameworkCore.Abstractions": "6.0.7",
          "Microsoft.EntityFrameworkCore.Relational": "6.0.7",
          "Npgsql": "6.0.7"
        }
      },
      "OpenIddict.AspNetCore": {
        "type": "Direct",
        "requested": "[4.0.0-preview4.22517.68, )",
        "resolved": "4.0.0-preview4.22517.68",
        "contentHash": "BZrr162GkYbI4DrBKaD8Ykgxvo7DZs6kS5fdWkPUHRNgCiILZko/iSC4yIaqP0CzZQ2eqxOMzBJD/UtWsMArNA==",
        "dependencies": {
          "OpenIddict": "4.0.0-preview4.22517.68",
          "OpenIddict.Client.AspNetCore": "4.0.0-preview4.22517.68",
          "OpenIddict.Client.DataProtection": "4.0.0-preview4.22517.68",
          "OpenIddict.Server.AspNetCore": "4.0.0-preview4.22517.68",
          "OpenIddict.Server.DataProtection": "4.0.0-preview4.22517.68",
          "OpenIddict.Validation.AspNetCore": "4.0.0-preview4.22517.68",
          "OpenIddict.Validation.DataProtection": "4.0.0-preview4.22517.68"
        }
      },
      "OpenIddict.EntityFrameworkCore": {
        "type": "Direct",
        "requested": "[4.0.0-preview4.22517.68, )",
        "resolved": "4.0.0-preview4.22517.68",
        "contentHash": "cuxbCvR+fouZMTb40kvknul51KzZpQgSxN1pwSa+fZlZBXhYAvLBVgFh7kJCZP/EPtM+xCW/llR3AAq5itFczw==",
        "dependencies": {
          "Microsoft.EntityFrameworkCore.Relational": "6.0.6",
          "OpenIddict.Core": "4.0.0-preview4.22517.68",
          "OpenIddict.EntityFrameworkCore.Models": "4.0.0-preview4.22517.68"
        }
      },
      "OpenIddict.Quartz": {
        "type": "Direct",
        "requested": "[4.0.0-preview4.22517.68, )",
        "resolved": "4.0.0-preview4.22517.68",
        "contentHash": "ggEcqrYpfAOAijzX+Gxwp8Yy5Zfpm63/Xh8GDz/CB+xF/VLl7yt8U4Y2ALRU8jkMdXwaW92N13fRKbOHzrW93w==",
        "dependencies": {
          "OpenIddict.Core": "4.0.0-preview4.22517.68",
          "Quartz.Extensions.DependencyInjection": "3.4.0"
        }
      },
      "Quartz.Extensions.Hosting": {
        "type": "Direct",
        "requested": "[3.5.0, )",
        "resolved": "3.5.0",
        "contentHash": "5to3zi9QFMjqRidmp+QvkdEDjozDiW0hUT8QZz0xsPK3mTZeJFXv35qSWCNb4wnw+XHT5e4WN9DnpN4qj6D3oA==",
        "dependencies": {
          "Microsoft.Extensions.Hosting.Abstractions": "2.1.1",
          "Quartz.Extensions.DependencyInjection": "3.5.0"
        }
      },
      "System.Linq.Async": {
        "type": "Direct",
        "requested": "[6.0.1, )",
        "resolved": "6.0.1",
        "contentHash": "0YhHcaroWpQ9UCot3Pizah7ryAzQhNvobLMSxeDIGmnXfkQn8u5owvpOH0K6EVB+z9L7u6Cc4W17Br/+jyttEQ==",
        "dependencies": {
          "Microsoft.Bcl.AsyncInterfaces": "6.0.0"
        }
      },
      "Humanizer.Core": {
        "type": "Transitive",
        "resolved": "2.8.26",
        "contentHash": "OiKusGL20vby4uDEswj2IgkdchC1yQ6rwbIkZDVBPIR6al2b7n3pC91elBul9q33KaBgRKhbZH3+2Ur4fnWx2A=="
      },
      "Microsoft.AspNetCore.Authorization": {
        "type": "Transitive",
        "resolved": "6.0.10",
        "contentHash": "WzMlSLdNdBttOGU/aPBjq6tre/N1fPySHkbv8hsEkE40NIU8vuuIRwUJRe9QCTKlwM9apUbSzhjMBdOhp+15vQ==",
        "dependencies": {
          "Microsoft.AspNetCore.Metadata": "6.0.10",
          "Microsoft.Extensions.Logging.Abstractions": "6.0.2",
          "Microsoft.Extensions.Options": "6.0.0"
        }
      },
      "Microsoft.AspNetCore.Components": {
        "type": "Transitive",
        "resolved": "6.0.10",
        "contentHash": "/HXMFugfVysPPoBEiLKUrJglnQeGFibKkb9IKF6asJGkO4LCv5eTObElG0oRTNp8pDfbf7dLOXK9HNq2hvY1gw==",
        "dependencies": {
          "Microsoft.AspNetCore.Authorization": "6.0.10",
          "Microsoft.AspNetCore.Components.Analyzers": "6.0.10"
        }
      },
      "Microsoft.AspNetCore.Components.Analyzers": {
        "type": "Transitive",
        "resolved": "6.0.10",
        "contentHash": "krpTqAgPWTPTHYVW3EK8iJpKoJlauDt7oYeSasVGYCb7PMEPd7KfpTJR0efJZN4m4oVHViHXEcFZuWD7dIiAKA=="
      },
      "Microsoft.AspNetCore.Components.Forms": {
        "type": "Transitive",
        "resolved": "6.0.10",
        "contentHash": "rAJm3ss1RQKayO/KPNNa5fP8iLzdK1fdumVT3Kgj4xxRTZXIzHM+oDdmunVHZKvK8qFg/iFbzMdsfZJBT94uGA==",
        "dependencies": {
          "Microsoft.AspNetCore.Components": "6.0.10"
        }
      },
      "Microsoft.AspNetCore.Components.Web": {
        "type": "Transitive",
        "resolved": "6.0.10",
        "contentHash": "X1TrvIZ6NJWXgy6SsmK4IKphylIwCFU/EMEdM80AJCjU5h4Ui3HufVonzGTGrsMjIURgqihXBqjUAuzOjIaIlA==",
        "dependencies": {
          "Microsoft.AspNetCore.Components": "6.0.10",
          "Microsoft.AspNetCore.Components.Forms": "6.0.10",
          "Microsoft.Extensions.DependencyInjection": "6.0.1",
          "Microsoft.JSInterop": "6.0.10",
          "System.IO.Pipelines": "6.0.3"
        }
      },
      "Microsoft.AspNetCore.Cryptography.Internal": {
        "type": "Transitive",
        "resolved": "6.0.10",
        "contentHash": "F4YiT2L1H2p5imDno6nGMd/h9y3s0jpCbP0DvvCHA72b2TFRVHaE5qeGqeDkcRMK9d6RauVhXGiAT0zTY6DT+w=="
      },
      "Microsoft.AspNetCore.Cryptography.KeyDerivation": {
        "type": "Transitive",
        "resolved": "6.0.10",
        "contentHash": "ziq8vzvlVN0yKHzUp+z0qwZoSU2P/XUdNsEJxRzLRg1HbHp11Za6c2cuR6f+MgjxLHGkCupSam5b9is4sJSs5A==",
        "dependencies": {
          "Microsoft.AspNetCore.Cryptography.Internal": "6.0.10"
        }
      },
      "Microsoft.AspNetCore.Metadata": {
        "type": "Transitive",
        "resolved": "6.0.10",
        "contentHash": "s+tychZiXgodo92edHj1+hyg3MCu/32FriN4UcOsoaSLKlxNfaqyiaPBqqlZH2ArWOz3c8AyuMZR3qy0bOcycQ=="
      },
      "Microsoft.Bcl.AsyncInterfaces": {
        "type": "Transitive",
        "resolved": "6.0.0",
        "contentHash": "UcSjPsst+DfAdJGVDsu346FX0ci0ah+lw3WRtn18NUwEqRt70HaOQ7lI72vy3+1LxtqI3T5GWwV39rQSrCzAeg=="
      },
      "Microsoft.CSharp": {
        "type": "Transitive",
        "resolved": "4.5.0",
        "contentHash": "kaj6Wb4qoMuH3HySFJhxwQfe8R/sJsNJnANrvv8WdFPMoNbKY5htfNscv+LHCu5ipz+49m2e+WQXpLXr9XYemQ=="
      },
      "Microsoft.EntityFrameworkCore": {
        "type": "Transitive",
        "resolved": "6.0.10",
        "contentHash": "aMk8c7XKynkDJM8vnRuVz3VHSLiWy4tWpkvSdrQ4No1DNLdtTI6P3iT2wAPvVkuJsS22Ifs62/Jr6AyveX5b4A==",
        "dependencies": {
          "Microsoft.EntityFrameworkCore.Abstractions": "6.0.10",
          "Microsoft.EntityFrameworkCore.Analyzers": "6.0.10",
          "Microsoft.Extensions.Caching.Memory": "6.0.1",
          "Microsoft.Extensions.DependencyInjection": "6.0.1",
          "Microsoft.Extensions.Logging": "6.0.0",
          "System.Collections.Immutable": "6.0.0",
          "System.Diagnostics.DiagnosticSource": "6.0.0"
        }
      },
      "Microsoft.EntityFrameworkCore.Abstractions": {
        "type": "Transitive",
        "resolved": "6.0.10",
        "contentHash": "3BMwnBB6Bgwd6bjUqx2pOYuHpGBHCJxY3vorRJYX3U2wzrz5q4jNxDZZGsMViFZeJ7PXFIwbgy6rR73J5aalsg=="
      },
      "Microsoft.EntityFrameworkCore.Analyzers": {
        "type": "Transitive",
        "resolved": "6.0.10",
        "contentHash": "b4jKcjo6BLuBRjLTkZPjJCvZ7oa3a798Q1AXSMAknitpBEOEIDryyRd7XZ0cnEIVCvfSND+Trgb00Z4TiTqOvg=="
      },
      "Microsoft.EntityFrameworkCore.Relational": {
        "type": "Transitive",
        "resolved": "6.0.10",
        "contentHash": "8rjVzKtGSTojSefghXqh3Y2wq8A7P7iWuUQQyQieXNYrYA7nw2aHZI2rjU+7ta4jHgKITddUHFaPQJ69H18dQA==",
        "dependencies": {
          "Microsoft.EntityFrameworkCore": "6.0.10",
          "Microsoft.Extensions.Configuration.Abstractions": "6.0.0"
        }
      },
      "Microsoft.Extensions.Caching.Abstractions": {
        "type": "Transitive",
        "resolved": "6.0.0",
        "contentHash": "bcz5sSFJbganH0+YrfvIjJDIcKNW7TL07C4d1eTmXy/wOt52iz4LVogJb6pazs7W0+74j0YpXFErvp++Aq5Bsw==",
        "dependencies": {
          "Microsoft.Extensions.Primitives": "6.0.0"
        }
      },
      "Microsoft.Extensions.Caching.Memory": {
        "type": "Transitive",
        "resolved": "6.0.1",
        "contentHash": "B4y+Cev05eMcjf1na0v9gza6GUtahXbtY1JCypIgx3B4Ea/KAgsWyXEmW4q6zMbmTMtKzmPVk09rvFJirvMwTg==",
        "dependencies": {
          "Microsoft.Extensions.Caching.Abstractions": "6.0.0",
          "Microsoft.Extensions.DependencyInjection.Abstractions": "6.0.0",
          "Microsoft.Extensions.Logging.Abstractions": "6.0.0",
          "Microsoft.Extensions.Options": "6.0.0",
          "Microsoft.Extensions.Primitives": "6.0.0"
        }
      },
      "Microsoft.Extensions.Configuration": {
        "type": "Transitive",
        "resolved": "6.0.0",
        "contentHash": "tq2wXyh3fL17EMF2bXgRhU7JrbO3on93MRKYxzz4JzzvuGSA1l0W3GI9/tl8EO89TH+KWEymP7bcFway6z9fXg==",
        "dependencies": {
          "Microsoft.Extensions.Configuration.Abstractions": "6.0.0",
          "Microsoft.Extensions.Primitives": "6.0.0"
        }
      },
      "Microsoft.Extensions.Configuration.Abstractions": {
        "type": "Transitive",
        "resolved": "6.0.0",
        "contentHash": "qWzV9o+ZRWq+pGm+1dF+R7qTgTYoXvbyowRoBxQJGfqTpqDun2eteerjRQhq5PQ/14S+lqto3Ft4gYaRyl4rdQ==",
        "dependencies": {
          "Microsoft.Extensions.Primitives": "6.0.0"
        }
      },
      "Microsoft.Extensions.Configuration.Binder": {
        "type": "Transitive",
        "resolved": "6.0.0",
        "contentHash": "b3ErKzND8LIC7o08QAVlKfaEIYEvLJbtmVbFZVBRXeu9YkKfSSzLZfR1SUfQPBIy9mKLhEtJgGYImkcMNaKE0A==",
        "dependencies": {
          "Microsoft.Extensions.Configuration.Abstractions": "6.0.0"
        }
      },
      "Microsoft.Extensions.Configuration.FileExtensions": {
        "type": "Transitive",
        "resolved": "6.0.0",
        "contentHash": "V4Dth2cYMZpw3HhGw9XUDIijpI6gN+22LDt0AhufIgOppCUfpWX4483OmN+dFXRJkJLc8Tv0Q8QK+1ingT2+KQ==",
        "dependencies": {
          "Microsoft.Extensions.Configuration": "6.0.0",
          "Microsoft.Extensions.Configuration.Abstractions": "6.0.0",
          "Microsoft.Extensions.FileProviders.Abstractions": "6.0.0",
          "Microsoft.Extensions.FileProviders.Physical": "6.0.0",
          "Microsoft.Extensions.Primitives": "6.0.0"
        }
      },
      "Microsoft.Extensions.Configuration.Json": {
        "type": "Transitive",
        "resolved": "6.0.0",
        "contentHash": "GJGery6QytCzS/BxJ96klgG9in3uH26KcUBbiVG/coNDXCRq6LGVVlUT4vXq34KPuM+R2av+LeYdX9h4IZOCUg==",
        "dependencies": {
          "Microsoft.Extensions.Configuration": "6.0.0",
          "Microsoft.Extensions.Configuration.Abstractions": "6.0.0",
          "Microsoft.Extensions.Configuration.FileExtensions": "6.0.0",
          "Microsoft.Extensions.FileProviders.Abstractions": "6.0.0",
          "System.Text.Json": "6.0.0"
        }
      },
      "Microsoft.Extensions.DependencyInjection": {
        "type": "Transitive",
        "resolved": "6.0.1",
        "contentHash": "vWXPg3HJQIpZkENn1KWq8SfbqVujVD7S7vIAyFXXqK5xkf1Vho+vG0bLBCHxU36lD1cLLtmGpfYf0B3MYFi9tQ==",
        "dependencies": {
          "Microsoft.Extensions.DependencyInjection.Abstractions": "6.0.0",
          "System.Runtime.CompilerServices.Unsafe": "6.0.0"
        }
      },
      "Microsoft.Extensions.DependencyInjection.Abstractions": {
        "type": "Transitive",
        "resolved": "6.0.0",
        "contentHash": "xlzi2IYREJH3/m6+lUrQlujzX8wDitm4QGnUu6kUXTQAWPuZY8i+ticFJbzfqaetLA6KR/rO6Ew/HuYD+bxifg=="
      },
      "Microsoft.Extensions.FileProviders.Abstractions": {
        "type": "Transitive",
        "resolved": "6.0.0",
        "contentHash": "0pd4/fho0gC12rQswaGQxbU34jOS1TPS8lZPpkFCH68ppQjHNHYle9iRuHeev1LhrJ94YPvzcRd8UmIuFk23Qw==",
        "dependencies": {
          "Microsoft.Extensions.Primitives": "6.0.0"
        }
      },
      "Microsoft.Extensions.FileProviders.Physical": {
        "type": "Transitive",
        "resolved": "6.0.0",
        "contentHash": "QvkL7l0nM8udt3gfyu0Vw8bbCXblxaKOl7c2oBfgGy4LCURRaL9XWZX1FWJrQc43oMokVneVxH38iz+bY1sbhg==",
        "dependencies": {
          "Microsoft.Extensions.FileProviders.Abstractions": "6.0.0",
          "Microsoft.Extensions.FileSystemGlobbing": "6.0.0",
          "Microsoft.Extensions.Primitives": "6.0.0"
        }
      },
      "Microsoft.Extensions.FileSystemGlobbing": {
        "type": "Transitive",
        "resolved": "6.0.0",
        "contentHash": "ip8jnL1aPiaPeKINCqaTEbvBFDmVx9dXQEBZ2HOBRXPD1eabGNqP/bKlsIcp7U2lGxiXd5xIhoFcmY8nM4Hdiw=="
      },
      "Microsoft.Extensions.Hosting.Abstractions": {
        "type": "Transitive",
        "resolved": "2.1.1",
        "contentHash": "kVVdHnOFJbcXxgZzrT6nwkrWZTHL+47LT59S9J2Jp0BNO3EQWNEZHUUZMb/kKFV7LtW+bp+EuAOPNUqEcqI++Q==",
        "dependencies": {
          "Microsoft.Extensions.Configuration.Abstractions": "2.1.1",
          "Microsoft.Extensions.DependencyInjection.Abstractions": "2.1.1",
          "Microsoft.Extensions.FileProviders.Abstractions": "2.1.1",
          "Microsoft.Extensions.Logging.Abstractions": "2.1.1"
        }
      },
      "Microsoft.Extensions.Http.Polly": {
        "type": "Transitive",
        "resolved": "6.0.6",
        "contentHash": "IRnV13JgkBFT2LZ8FHSXDxWgSV/u/c254giaLEAdZh5dsHD4dmTkx/ABWoKMjlqSRgNWL+yv6CIQAgtmP3MjNg==",
        "dependencies": {
          "Microsoft.Extensions.Http": "6.0.0",
          "Polly": "7.2.2",
          "Polly.Extensions.Http": "3.0.0"
        }
      },
      "Microsoft.Extensions.Identity.Core": {
        "type": "Transitive",
        "resolved": "6.0.10",
        "contentHash": "/w7FSk2rqeFmbVgc5zDnCnSxJHoiYmmFpgke3P4F6XyoX6Pb2cAgrYnPLm1TzDgtK0V/nIRgz0r+mP4fq0MSxw==",
        "dependencies": {
          "Microsoft.AspNetCore.Cryptography.KeyDerivation": "6.0.10",
          "Microsoft.Extensions.Logging": "6.0.0",
          "Microsoft.Extensions.Options": "6.0.0"
        }
      },
      "Microsoft.Extensions.Identity.Stores": {
        "type": "Transitive",
        "resolved": "6.0.10",
        "contentHash": "a0OGDd75e24oBnDCb8gKfV94DjqX+BDgf86IRAp96TFz//6F1v6OjHz5IBJ6yJoy9A1XlzC/HKV7e4n4uuGdiw==",
        "dependencies": {
          "Microsoft.Extensions.Caching.Abstractions": "6.0.0",
          "Microsoft.Extensions.Identity.Core": "6.0.10",
          "Microsoft.Extensions.Logging": "6.0.0"
        }
      },
      "Microsoft.Extensions.Logging": {
        "type": "Transitive",
        "resolved": "6.0.0",
        "contentHash": "eIbyj40QDg1NDz0HBW0S5f3wrLVnKWnDJ/JtZ+yJDFnDj90VoPuoPmFkeaXrtu+0cKm5GRAwoDf+dBWXK0TUdg==",
        "dependencies": {
          "Microsoft.Extensions.DependencyInjection": "6.0.0",
          "Microsoft.Extensions.DependencyInjection.Abstractions": "6.0.0",
          "Microsoft.Extensions.Logging.Abstractions": "6.0.0",
          "Microsoft.Extensions.Options": "6.0.0",
          "System.Diagnostics.DiagnosticSource": "6.0.0"
        }
      },
      "Microsoft.Extensions.Logging.Abstractions": {
        "type": "Transitive",
        "resolved": "6.0.2",
        "contentHash": "pwXCZKaA7m5wgmCj49dW+H1RPSY7U62SKLTQYCcavf/k3Nyt/WnBgAjG4jMGnwy9rElfAZ2KvxvM5CJzJWG0hg=="
      },
      "Microsoft.Extensions.Options": {
        "type": "Transitive",
        "resolved": "6.0.0",
        "contentHash": "dzXN0+V1AyjOe2xcJ86Qbo233KHuLEY0njf/P2Kw8SfJU+d45HNS2ctJdnEnrWbM9Ye2eFgaC5Mj9otRMU6IsQ==",
        "dependencies": {
          "Microsoft.Extensions.DependencyInjection.Abstractions": "6.0.0",
          "Microsoft.Extensions.Primitives": "6.0.0"
        }
      },
      "Microsoft.Extensions.Primitives": {
        "type": "Transitive",
        "resolved": "6.0.0",
        "contentHash": "9+PnzmQFfEFNR9J2aDTfJGGupShHjOuGw4VUv+JB044biSHrnmCIMD+mJHmb2H7YryrfBEXDurxQ47gJZdCKNQ==",
        "dependencies": {
          "System.Runtime.CompilerServices.Unsafe": "6.0.0"
        }
      },
      "Microsoft.IdentityModel.JsonWebTokens": {
        "type": "Transitive",
        "resolved": "6.16.0",
        "contentHash": "FJtXVXvjoza64VPFOPBxqnhe0yyQ5B/7A09+RpTXIzowr5+A4xcX42patsLrNGmFUvXZAHhS2u/6ojTzhYatpg==",
        "dependencies": {
          "Microsoft.IdentityModel.Tokens": "6.16.0"
        }
      },
      "Microsoft.IdentityModel.Logging": {
        "type": "Transitive",
        "resolved": "6.16.0",
        "contentHash": "Fuo5SpYUpFRw90hBM3PDA1uQsrHmbIaxvwkldJcfi0O51gz/qjSFMe8136NFRoKA3NxZZScpz/47oFkRU2WA/A=="
      },
      "Microsoft.IdentityModel.Protocols": {
        "type": "Transitive",
        "resolved": "6.16.0",
        "contentHash": "h9+n5RDXGdCmFvut0gsZz21RbUpxqLByhNiC1Mbt+hUDTEMnOA/07Jm5C6wl4pj0F85iwAybo/s6wjb2WOlYdw==",
        "dependencies": {
          "Microsoft.IdentityModel.Logging": "6.16.0",
          "Microsoft.IdentityModel.Tokens": "6.16.0"
        }
      },
      "Microsoft.IdentityModel.Protocols.OpenIdConnect": {
        "type": "Transitive",
        "resolved": "6.16.0",
        "contentHash": "oBma0MVMULwLaTjsF9ts5lZchdnvgHEr6CVoPtSIjXlzX+rWruM9Umt6PcJR48Jw7ez4D93a95ch7XualCOqgg==",
        "dependencies": {
          "Microsoft.IdentityModel.Protocols": "6.16.0",
          "System.IdentityModel.Tokens.Jwt": "6.16.0"
        }
      },
      "Microsoft.IdentityModel.Tokens": {
        "type": "Transitive",
        "resolved": "6.16.0",
        "contentHash": "dL7r4bdRbDG0RmyYGw9cpO/pA3GVaxV+lI1ConYuQuRiAxd1ONFlxHue1o8wR8+lEB972cekzfj45WSNaq3+xA==",
        "dependencies": {
          "Microsoft.CSharp": "4.5.0",
          "Microsoft.IdentityModel.Logging": "6.16.0",
          "System.Security.Cryptography.Cng": "4.5.0"
        }
      },
      "Microsoft.JSInterop": {
        "type": "Transitive",
        "resolved": "6.0.10",
        "contentHash": "t/63fnJiLzw2hKsReEAej0oSaHx2L/9wn3Wczip89RX+/FuPopssenWHtj9o0oJedbWgLuu6AbMJed/aIYLnxA=="
      },
      "Microsoft.JSInterop.WebAssembly": {
        "type": "Transitive",
        "resolved": "6.0.10",
        "contentHash": "hJoApv3ZBQ4hEfqLaMq+Vs8O9rjwpT8LS1BZOLmDf3pt++JnHMRh6N3n37QQ7RNwqkXurB4KYscffFO6OEa4Tg==",
        "dependencies": {
          "Microsoft.JSInterop": "6.0.10"
        }
      },
      "Microsoft.NETCore.Platforms": {
        "type": "Transitive",
        "resolved": "3.1.0",
        "contentHash": "z7aeg8oHln2CuNulfhiLYxCVMPEwBl3rzicjvIX+4sUuCwvXw5oXQEtbiU2c0z4qYL5L3Kmx0mMA/+t/SbY67w=="
      },
      "Microsoft.Win32.SystemEvents": {
        "type": "Transitive",
        "resolved": "4.7.0",
        "contentHash": "mtVirZr++rq+XCDITMUdnETD59XoeMxSpLRIII7JRI6Yj0LEDiO1pPn0ktlnIj12Ix8bfvQqQDMMIF9wC98oCA==",
        "dependencies": {
          "Microsoft.NETCore.Platforms": "3.1.0"
        }
      },
      "Npgsql": {
        "type": "Transitive",
        "resolved": "6.0.7",
        "contentHash": "HhD5q/VUJY++tCzc0eCrhtsxmUdP7NxNhUMOdYW6sqpC6NRlFLvUDf5JyRj0gOGkXe3Tn49toaisgvLqlzQ2JQ==",
        "dependencies": {
          "System.Runtime.CompilerServices.Unsafe": "6.0.0"
        }
      },
      "OpenIddict": {
        "type": "Transitive",
        "resolved": "4.0.0-preview4.22517.68",
        "contentHash": "02DR6AUgoeSbmkNCT1M4lTXxu75Ws2GWs/Lhr0XGSrINAC2//EH6Xok7GCNcRW2q+n0qeD0hpuHiLjJ2hYOYAg==",
        "dependencies": {
          "OpenIddict.Abstractions": "4.0.0-preview4.22517.68",
          "OpenIddict.Client": "4.0.0-preview4.22517.68",
          "OpenIddict.Client.SystemNetHttp": "4.0.0-preview4.22517.68",
          "OpenIddict.Client.WebIntegration": "4.0.0-preview4.22517.68",
          "OpenIddict.Core": "4.0.0-preview4.22517.68",
          "OpenIddict.Server": "4.0.0-preview4.22517.68",
          "OpenIddict.Validation": "4.0.0-preview4.22517.68",
          "OpenIddict.Validation.ServerIntegration": "4.0.0-preview4.22517.68",
          "OpenIddict.Validation.SystemNetHttp": "4.0.0-preview4.22517.68"
        }
      },
      "OpenIddict.Abstractions": {
        "type": "Transitive",
        "resolved": "4.0.0-preview4.22517.68",
        "contentHash": "R68HkHSnSosQg82Dag+3MKmLk3Ca63te7QH4Y4QCZlRGX9wh35miLfZbSkVqf1JP0OBx9W+3ofJ4WGBibJ1CPQ==",
        "dependencies": {
          "Microsoft.Extensions.DependencyInjection.Abstractions": "6.0.0",
          "Microsoft.Extensions.Primitives": "6.0.0",
          "Microsoft.IdentityModel.Tokens": "6.16.0",
          "System.Collections.Immutable": "6.0.0",
          "System.Text.Encodings.Web": "6.0.0",
          "System.Text.Json": "6.0.5"
        }
      },
      "OpenIddict.Client": {
        "type": "Transitive",
        "resolved": "4.0.0-preview4.22517.68",
        "contentHash": "FQyNa7wK9tmwXyhzrD2WHWqC1bqwYBeY1VAJTHA9AjpRodrOyWpztfMQPNzii6OyE3dxkpT2qt3sBQP/Ur/JDQ==",
        "dependencies": {
          "Microsoft.Extensions.Caching.Memory": "6.0.1",
          "Microsoft.Extensions.Logging": "6.0.0",
          "Microsoft.IdentityModel.Protocols.OpenIdConnect": "6.16.0",
          "OpenIddict.Abstractions": "4.0.0-preview4.22517.68"
        }
      },
      "OpenIddict.Client.AspNetCore": {
        "type": "Transitive",
        "resolved": "4.0.0-preview4.22517.68",
        "contentHash": "IWaXtxa8u9vm0s2sJ/e5VPLfe3VCkAmUYeeGc3fQJrd4tIaRHoQbNzlvfVi1Qs+5ApOMH3yXsTfuDcvIWTA5Mw==",
        "dependencies": {
          "OpenIddict.Client": "4.0.0-preview4.22517.68"
        }
      },
      "OpenIddict.Client.DataProtection": {
        "type": "Transitive",
        "resolved": "4.0.0-preview4.22517.68",
        "contentHash": "QtIRriSzdd4TBWAmpFSS+9ReFQvEOeFaiUDeaCCQcxScrzWoegth9FAM98Cqdwj2xN+WHb8KRL7ncFbPocWZbA==",
        "dependencies": {
          "OpenIddict.Client": "4.0.0-preview4.22517.68"
        }
      },
      "OpenIddict.Client.SystemNetHttp": {
        "type": "Transitive",
        "resolved": "4.0.0-preview4.22517.68",
        "contentHash": "PGYk2pv5wAlSn4ORnFjpmp6tS6Gf+CQXuL2II/mR7KeZxqQg/8PHA3htPfPpnzLsSjVDeDOEFU4Ig3CdD9MjYw==",
        "dependencies": {
          "Microsoft.Extensions.Http.Polly": "6.0.6",
          "OpenIddict.Client": "4.0.0-preview4.22517.68",
          "Polly.Extensions.Http": "3.0.0",
          "System.Net.Http.Json": "6.0.0"
        }
      },
      "OpenIddict.Client.WebIntegration": {
        "type": "Transitive",
        "resolved": "4.0.0-preview4.22517.68",
        "contentHash": "ace5PE+669Rwthqbvmdp3nwwOTbgSN7BkHcmQa7JeekELobjgrOQ0D7bgeOYw6M/T8OiA9NYJPkMO4yc88Gnqg==",
        "dependencies": {
          "OpenIddict.Client": "4.0.0-preview4.22517.68",
          "OpenIddict.Client.SystemNetHttp": "4.0.0-preview4.22517.68",
          "SmartFormat": "3.0.0"
        }
      },
      "OpenIddict.Core": {
        "type": "Transitive",
        "resolved": "4.0.0-preview4.22517.68",
        "contentHash": "DMXMmgLq7pxhu/Vvjprz/WvyRKD6HLjAts0P1GaN09LphpFY8abdi6LxwNlR9cNzBxU1TZGMkDmuu2m3PesIxQ==",
        "dependencies": {
          "Microsoft.Extensions.Caching.Memory": "6.0.1",
          "Microsoft.Extensions.Logging": "6.0.0",
          "Microsoft.Extensions.Options": "6.0.0",
          "OpenIddict.Abstractions": "4.0.0-preview4.22517.68"
        }
      },
      "OpenIddict.EntityFrameworkCore.Models": {
        "type": "Transitive",
        "resolved": "4.0.0-preview4.22517.68",
        "contentHash": "DqNwuDCoc6lLr/4wMZNPruEioMfFVebjs5WvIsNDwKbPXUUDgI+lOAvfUUC5CN45THaofbO2gDrYYiBJKweC5Q=="
      },
      "OpenIddict.Server": {
        "type": "Transitive",
        "resolved": "4.0.0-preview4.22517.68",
        "contentHash": "DwpctTHbjF/obR6FZchBy2n6ERC8PD28URSWYZfZsxNw8BobJw6A4JFNSr40wt3d9viCzFOStCIiz9XK330qjg==",
        "dependencies": {
          "Microsoft.Extensions.Logging": "6.0.0",
          "Microsoft.IdentityModel.JsonWebTokens": "6.16.0",
          "OpenIddict.Abstractions": "4.0.0-preview4.22517.68"
        }
      },
      "OpenIddict.Server.AspNetCore": {
        "type": "Transitive",
        "resolved": "4.0.0-preview4.22517.68",
        "contentHash": "Wdj3O9xZBAjFhAU/5vMLmywBwSCyvzQhF5bV55AwWRqD/G2HXK1oty/4LxsUPX7a3iMGvwtkQADl3TqdtGQnfg==",
        "dependencies": {
          "OpenIddict.Server": "4.0.0-preview4.22517.68"
        }
      },
      "OpenIddict.Server.DataProtection": {
        "type": "Transitive",
        "resolved": "4.0.0-preview4.22517.68",
        "contentHash": "vJbntiDxUxXIvFCoAQU5XwjGATdiFgU6EjKEBP/Yv6t9jI7FyFiR+nR93RRdaMpP93eIhPjCNw5lgQ+fgvVFyw==",
        "dependencies": {
          "OpenIddict.Server": "4.0.0-preview4.22517.68"
        }
      },
      "OpenIddict.Validation": {
        "type": "Transitive",
        "resolved": "4.0.0-preview4.22517.68",
        "contentHash": "jLOmSyeHnuR/pjMblthKYEzn2j1yhqXuT4DrYivTsIgQn6LQTFmEX6XTviFVu8BJ1+/FeF/bu6jelET3jJw1OA==",
        "dependencies": {
          "Microsoft.Extensions.Logging": "6.0.0",
          "Microsoft.IdentityModel.Protocols.OpenIdConnect": "6.16.0",
          "OpenIddict.Abstractions": "4.0.0-preview4.22517.68"
        }
      },
      "OpenIddict.Validation.AspNetCore": {
        "type": "Transitive",
        "resolved": "4.0.0-preview4.22517.68",
        "contentHash": "/h/TqZwQLErnGrNsBIuUQaqeSUKjYXcUx3r/ZVTUyd2Y83/rDD1UH8Ycy0d9s2A+r6Vy1POgTOQAjsj/rgdT6Q==",
        "dependencies": {
          "OpenIddict.Validation": "4.0.0-preview4.22517.68"
        }
      },
      "OpenIddict.Validation.DataProtection": {
        "type": "Transitive",
        "resolved": "4.0.0-preview4.22517.68",
        "contentHash": "uCKqlkuI2xYU23QlBTOAVzOQP7Yx9sHZl2h22sWiqC+IhjOXA9eZBuntCeu2SOoavaM1WY5crVb7qYubT1wdyA==",
        "dependencies": {
          "OpenIddict.Validation": "4.0.0-preview4.22517.68"
        }
      },
      "OpenIddict.Validation.ServerIntegration": {
        "type": "Transitive",
        "resolved": "4.0.0-preview4.22517.68",
        "contentHash": "4AehJIgP9FjhzDrqB9Jvh6NF3Y5tHHGzsTv8X553mD8xmAJjCOI5KbO/WKKVtHyK4wseYSpRzYtUg6Vvov6tpA==",
        "dependencies": {
          "OpenIddict.Server": "4.0.0-preview4.22517.68",
          "OpenIddict.Validation": "4.0.0-preview4.22517.68"
        }
      },
      "OpenIddict.Validation.SystemNetHttp": {
        "type": "Transitive",
        "resolved": "4.0.0-preview4.22517.68",
        "contentHash": "3RoqsEldSgFT4Zv1ixLNC3IITDQUe2z9PwAVg4DyRSnuu8fO0FYS/qSox9ZuCD95I7hQG2/jHGKFCRprW5FOQQ==",
        "dependencies": {
          "Microsoft.Extensions.Http.Polly": "6.0.6",
          "OpenIddict.Validation": "4.0.0-preview4.22517.68",
          "Polly.Extensions.Http": "3.0.0",
          "System.Net.Http.Json": "6.0.0"
        }
      },
      "Polly": {
        "type": "Transitive",
        "resolved": "7.2.2",
        "contentHash": "E6CeKyS513j7taKAq4q2MESDBvzuzWnR1rQ2Y2zqJvpiVtKMm699Aubb20MUPBDmb0Ov8PmcLHTCVFdCjoy2kA=="
      },
      "Polly.Extensions.Http": {
        "type": "Transitive",
        "resolved": "3.0.0",
        "contentHash": "drrG+hB3pYFY7w1c3BD+lSGYvH2oIclH8GRSehgfyP5kjnFnHKQuuBhuHLv+PWyFuaTDyk/vfRpnxOzd11+J8g==",
        "dependencies": {
          "Polly": "7.1.0"
        }
      },
      "Quartz": {
        "type": "Transitive",
        "resolved": "3.5.0",
        "contentHash": "tgWAByEvwWC/CE4VXfrMgt7h5FXdFKIl9Sf5X/0d4yq1rsvSgiVbcAPdFUFAgIOOTcLTtRXp1rXBGqHukIWAgQ==",
        "dependencies": {
          "Microsoft.Extensions.Logging.Abstractions": "2.1.1",
          "System.Configuration.ConfigurationManager": "4.7.0",
          "System.Diagnostics.DiagnosticSource": "4.7.1"
        }
      },
      "Quartz.Extensions.DependencyInjection": {
        "type": "Transitive",
        "resolved": "3.5.0",
        "contentHash": "dlXLaHXTfI7hkAmoMtnB0j10RxFmESr0p8nyAvdvrWOb4vmeNMac39i4TUCmO2oqlDUhmbt/ZqDoQucOPkrvzg==",
        "dependencies": {
          "Microsoft.Extensions.Configuration.Abstractions": "2.1.1",
          "Microsoft.Extensions.DependencyInjection.Abstractions": "2.1.1",
          "Microsoft.Extensions.Options": "2.1.1",
          "Quartz": "3.5.0"
        }
      },
      "SmartFormat": {
        "type": "Transitive",
        "resolved": "3.0.0",
        "contentHash": "zVoeAhc3Ax27Mdi13iWOHrBMIJDNf8ZIMm8bHX6PdsuBdHGcepkKS0B+2PIYI8SIppOhA+LBD4mLqAalfYCI+g==",
        "dependencies": {
          "System.Memory": "4.5.4",
          "System.ValueTuple": "4.5.0"
        }
      },
      "System.Collections.Immutable": {
        "type": "Transitive",
        "resolved": "6.0.0",
        "contentHash": "l4zZJ1WU2hqpQQHXz1rvC3etVZN+2DLmQMO79FhOTZHMn8tDRr+WU287sbomD0BETlmKDn0ygUgVy9k5xkkJdA==",
        "dependencies": {
          "System.Runtime.CompilerServices.Unsafe": "6.0.0"
        }
      },
      "System.Configuration.ConfigurationManager": {
        "type": "Transitive",
        "resolved": "4.7.0",
        "contentHash": "/anOTeSZCNNI2zDilogWrZ8pNqCmYbzGNexUnNhjW8k0sHqEZ2nHJBp147jBV3hGYswu5lINpNg1vxR7bnqvVA==",
        "dependencies": {
          "System.Security.Cryptography.ProtectedData": "4.7.0",
          "System.Security.Permissions": "4.7.0"
        }
      },
      "System.Diagnostics.DiagnosticSource": {
        "type": "Transitive",
        "resolved": "6.0.0",
        "contentHash": "frQDfv0rl209cKm1lnwTgFPzNigy2EKk1BS3uAvHvlBVKe5cymGyHO+Sj+NLv5VF/AhHsqPIUUwya5oV4CHMUw==",
        "dependencies": {
          "System.Runtime.CompilerServices.Unsafe": "6.0.0"
        }
      },
      "System.Drawing.Common": {
        "type": "Transitive",
        "resolved": "4.7.0",
        "contentHash": "v+XbyYHaZjDfn0ENmJEV1VYLgGgCTx1gnfOBcppowbpOAriglYgGCvFCPr2EEZyBvXlpxbEsTwkOlInl107ahA==",
        "dependencies": {
          "Microsoft.NETCore.Platforms": "3.1.0",
          "Microsoft.Win32.SystemEvents": "4.7.0"
        }
      },
      "System.IdentityModel.Tokens.Jwt": {
        "type": "Transitive",
        "resolved": "6.16.0",
        "contentHash": "QnZUawkmLkzEhwgvlqcm2YNAoRgz27zVY+2LzMBMWMcfFhl2Sv8aavZOeuFMofmYJsST9h7BilOn7MzFSUMihQ==",
        "dependencies": {
          "Microsoft.IdentityModel.JsonWebTokens": "6.16.0",
          "Microsoft.IdentityModel.Tokens": "6.16.0"
        }
      },
      "System.IO.Pipelines": {
        "type": "Transitive",
        "resolved": "6.0.3",
        "contentHash": "ryTgF+iFkpGZY1vRQhfCzX0xTdlV3pyaTTqRu2ETbEv+HlV7O6y7hyQURnghNIXvctl5DuZ//Dpks6HdL/Txgw=="
      },
      "System.Memory": {
        "type": "Transitive",
        "resolved": "4.5.4",
        "contentHash": "1MbJTHS1lZ4bS4FmsJjnuGJOu88ZzTT2rLvrhW7Ygic+pC0NWA+3hgAen0HRdsocuQXCkUTdFn9yHJJhsijDXw=="
      },
      "System.Net.Http.Json": {
        "type": "Transitive",
        "resolved": "6.0.0",
        "contentHash": "GbIV4y344kGOKjshAKCIDCMUTTW/hyUC42wV0Y5SXEdIbaKBIHBUxZ2MOe4/ZiV2svUAGfQ0c8LGtUExpOI8tg==",
        "dependencies": {
          "System.Text.Json": "6.0.0"
        }
      },
      "System.Runtime.CompilerServices.Unsafe": {
        "type": "Transitive",
        "resolved": "6.0.0",
        "contentHash": "/iUeP3tq1S0XdNNoMz5C9twLSrM/TH+qElHkXWaPvuNOt+99G75NrV0OS2EqHx5wMN7popYjpc8oTjC1y16DLg=="
      },
      "System.Security.AccessControl": {
        "type": "Transitive",
        "resolved": "4.7.0",
        "contentHash": "JECvTt5aFF3WT3gHpfofL2MNNP6v84sxtXxpqhLBCcDRzqsPBmHhQ6shv4DwwN2tRlzsUxtb3G9M3763rbXKDg==",
        "dependencies": {
          "Microsoft.NETCore.Platforms": "3.1.0",
          "System.Security.Principal.Windows": "4.7.0"
        }
      },
      "System.Security.Cryptography.Cng": {
        "type": "Transitive",
        "resolved": "4.5.0",
        "contentHash": "WG3r7EyjUe9CMPFSs6bty5doUqT+q9pbI80hlNzo2SkPkZ4VTuZkGWjpp77JB8+uaL4DFPRdBsAY+DX3dBK92A=="
      },
      "System.Security.Cryptography.ProtectedData": {
        "type": "Transitive",
        "resolved": "4.7.0",
        "contentHash": "ehYW0m9ptxpGWvE4zgqongBVWpSDU/JCFD4K7krxkQwSz/sFQjEXCUqpvencjy6DYDbn7Ig09R8GFffu8TtneQ=="
      },
      "System.Security.Permissions": {
        "type": "Transitive",
        "resolved": "4.7.0",
        "contentHash": "dkOV6YYVBnYRa15/yv004eCGRBVADXw8qRbbNiCn/XpdJSUXkkUeIvdvFHkvnko4CdKMqG8yRHC4ox83LSlMsQ==",
        "dependencies": {
          "System.Security.AccessControl": "4.7.0",
          "System.Windows.Extensions": "4.7.0"
        }
      },
      "System.Security.Principal.Windows": {
        "type": "Transitive",
        "resolved": "4.7.0",
        "contentHash": "ojD0PX0XhneCsUbAZVKdb7h/70vyYMDYs85lwEI+LngEONe/17A0cFaRFqZU+sOEidcVswYWikYOQ9PPfjlbtQ=="
      },
      "System.Text.Encodings.Web": {
        "type": "Transitive",
        "resolved": "6.0.0",
        "contentHash": "Vg8eB5Tawm1IFqj4TVK1czJX89rhFxJo9ELqc/Eiq0eXy13RK00eubyU6TJE6y+GQXjyV5gSfiewDUZjQgSE0w==",
        "dependencies": {
          "System.Runtime.CompilerServices.Unsafe": "6.0.0"
        }
      },
      "System.Text.Json": {
        "type": "Transitive",
        "resolved": "6.0.5",
        "contentHash": "SSH+YYrMpvLcy7Orzb5K1tSyffnFacWahyxCCjYH1PbSHdAF4dekmIetBurFKgtTHDmwEe/J2Csi/7niRH6d/g==",
        "dependencies": {
          "System.Runtime.CompilerServices.Unsafe": "6.0.0",
          "System.Text.Encodings.Web": "6.0.0"
        }
      },
      "System.ValueTuple": {
        "type": "Transitive",
        "resolved": "4.5.0",
        "contentHash": "okurQJO6NRE/apDIP23ajJ0hpiNmJ+f0BwOlB/cSqTLQlw5upkf+5+96+iG2Jw40G1fCVCyPz/FhIABUjMR+RQ=="
      },
      "System.Windows.Extensions": {
        "type": "Transitive",
        "resolved": "4.7.0",
        "contentHash": "CeWTdRNfRaSh0pm2gDTJFwVaXfTq6Xwv/sA887iwPTneW7oMtMlpvDIO+U60+3GWTB7Aom6oQwv5VZVUhQRdPQ==",
        "dependencies": {
          "System.Drawing.Common": "4.7.0"
        }
      },
      "funicular.client": {
        "type": "Project",
        "dependencies": {
          "Funicular.Shared": "1.0.0",
          "Microsoft.AspNetCore.Components.WebAssembly": "6.0.10",
          "Microsoft.AspNetCore.Components.WebAssembly.DevServer": "6.0.10"
        }
      },
      "funicular.shared": {
        "type": "Project"
      },
      "Microsoft.AspNetCore.Components.WebAssembly": {
        "type": "CentralTransitive",
        "requested": "[6.0.10, )",
        "resolved": "6.0.10",
        "contentHash": "QvWeUeLfuEEfxEwNixo7D4l1GQbc7qYrRDrm728nW7T/M1nNNvuQJWVKLGXJloafVGFeTOALxFEXDlzhavUP3Q==",
        "dependencies": {
          "Microsoft.AspNetCore.Components.Web": "6.0.10",
          "Microsoft.Extensions.Configuration.Binder": "6.0.0",
          "Microsoft.Extensions.Configuration.Json": "6.0.0",
          "Microsoft.Extensions.Logging": "6.0.0",
          "Microsoft.JSInterop.WebAssembly": "6.0.10"
        }
      },
      "Microsoft.AspNetCore.Components.WebAssembly.DevServer": {
        "type": "CentralTransitive",
        "requested": "[6.0.10, )",
        "resolved": "6.0.10",
        "contentHash": "Y9nqDxlcvIPrYCZ+NJFk5uxdGQk+3tZSr2gLXRXnE9hSipDaJ2WAmWtofb7ll762ZkBnt8xixkTEV9AAlb5+RQ=="
      },
      "Microsoft.Extensions.Http": {
        "type": "CentralTransitive",
        "requested": "[6.0.0, )",
        "resolved": "6.0.0",
        "contentHash": "15+pa2G0bAMHbHewaQIdr/y6ag2H3yh4rd9hTXavtWDzQBkvpe2RMqFg8BxDpcQWssmjmBApGPcw93QRz6YcMg==",
        "dependencies": {
          "Microsoft.Extensions.DependencyInjection.Abstractions": "6.0.0",
          "Microsoft.Extensions.Logging": "6.0.0",
          "Microsoft.Extensions.Logging.Abstractions": "6.0.0",
          "Microsoft.Extensions.Options": "6.0.0"
        }
      }
    }
  }
}